// !$*UTF8*$!
{
	archiveVersion = 1;
	classes = {
	};
	objectVersion = 46;
	objects = {

/* Begin PBXBuildFile section */
		21B9C5491CA24E5B008D8E38 /* a.jpg in Resources */ = {isa = PBXBuildFile; fileRef = 21B9C5481CA24E5B008D8E38 /* a.jpg */; };
		21BDE2FA1CA1489E00CE9CFA /* main.m in Sources */ = {isa = PBXBuildFile; fileRef = 21BDE2F91CA1489E00CE9CFA /* main.m */; };
		21BDE2FD1CA1489F00CE9CFA /* AppDelegate.m in Sources */ = {isa = PBXBuildFile; fileRef = 21BDE2FC1CA1489F00CE9CFA /* AppDelegate.m */; };
		21BDE3001CA1489F00CE9CFA /* ViewController.m in Sources */ = {isa = PBXBuildFile; fileRef = 21BDE2FF1CA1489F00CE9CFA /* ViewController.m */; };
		21BDE3031CA1489F00CE9CFA /* Main.storyboard in Resources */ = {isa = PBXBuildFile; fileRef = 21BDE3011CA1489F00CE9CFA /* Main.storyboard */; };
		21BDE3051CA1489F00CE9CFA /* Assets.xcassets in Resources */ = {isa = PBXBuildFile; fileRef = 21BDE3041CA1489F00CE9CFA /* Assets.xcassets */; };
		21BDE3081CA1489F00CE9CFA /* LaunchScreen.storyboard in Resources */ = {isa = PBXBuildFile; fileRef = 21BDE3061CA1489F00CE9CFA /* LaunchScreen.storyboard */; };
		21F4E03E1CA22F7C00AF5D61 /* MyView.m in Sources */ = {isa = PBXBuildFile; fileRef = 21F4E03D1CA22F7C00AF5D61 /* MyView.m */; };
		21F4E0441CA235AD00AF5D61 /* WebViewController.m in Sources */ = {isa = PBXBuildFile; fileRef = 21F4E0431CA235AD00AF5D61 /* WebViewController.m */; };
/* End PBXBuildFile section */

/* Begin PBXFileReference section */
		21B9C5481CA24E5B008D8E38 /* a.jpg */ = {isa = PBXFileReference; lastKnownFileType = image.jpeg; path = a.jpg; sourceTree = "<group>"; };
		21BDE2F51CA1489E00CE9CFA /* 3DTouchDemo.app */ = {isa = PBXFileReference; explicitFileType = wrapper.application; includeInIndex = 0; path = 3DTouchDemo.app; sourceTree = BUILT_PRODUCTS_DIR; };
		21BDE2F91CA1489E00CE9CFA /* main.m */ = {isa = PBXFileReference; lastKnownFileType = sourcecode.c.objc; path = main.m; sourceTree = "<group>"; };
		21BDE2FB1CA1489F00CE9CFA /* AppDelegate.h */ = {isa = PBXFileReference; lastKnownFileType = sourcecode.c.h; path = AppDelegate.h; sourceTree = "<group>"; };
		21BDE2FC1CA1489F00CE9CFA /* AppDelegate.m */ = {isa = PBXFileReference; lastKnownFileType = sourcecode.c.objc; path = AppDelegate.m; sourceTree = "<group>"; };
		21BDE2FE1CA1489F00CE9CFA /* ViewController.h */ = {isa = PBXFileReference; lastKnownFileType = sourcecode.c.h; path = ViewController.h; sourceTree = "<group>"; };
		21BDE2FF1CA1489F00CE9CFA /* ViewController.m */ = {isa = PBXFileReference; lastKnownFileType = sourcecode.c.objc; path = ViewController.m; sourceTree = "<group>"; };
		21BDE3021CA1489F00CE9CFA /* Base */ = {isa = PBXFileReference; lastKnownFileType = file.storyboard; name = Base; path = Base.lproj/Main.storyboard; sourceTree = "<group>"; };
		21BDE3041CA1489F00CE9CFA /* Assets.xcassets */ = {isa = PBXFileReference; lastKnownFileType = folder.assetcatalog; path = Assets.xcassets; sourceTree = "<group>"; };
		21BDE3071CA1489F00CE9CFA /* Base */ = {isa = PBXFileReference; lastKnownFileType = file.storyboard; name = Base; path = Base.lproj/LaunchScreen.storyboard; sourceTree = "<group>"; };
		21BDE3091CA1489F00CE9CFA /* Info.plist */ = {isa = PBXFileReference; lastKnownFileType = text.plist.xml; path = Info.plist; sourceTree = "<group>"; };
		21F4E03C1CA22F7C00AF5D61 /* MyView.h */ = {isa = PBXFileReference; fileEncoding = 4; lastKnownFileType = sourcecode.c.h; path = MyView.h; sourceTree = "<group>"; };
		21F4E03D1CA22F7C00AF5D61 /* MyView.m */ = {isa = PBXFileReference; fileEncoding = 4; lastKnownFileType = sourcecode.c.objc; path = MyView.m; sourceTree = "<group>"; };
		21F4E0421CA235AD00AF5D61 /* WebViewController.h */ = {isa = PBXFileReference; fileEncoding = 4; lastKnownFileType = sourcecode.c.h; path = WebViewController.h; sourceTree = "<group>"; };
		21F4E0431CA235AD00AF5D61 /* WebViewController.m */ = {isa = PBXFileReference; fileEncoding = 4; lastKnownFileType = sourcecode.c.objc; path = WebViewController.m; sourceTree = "<group>"; };
/* End PBXFileReference section */

/* Begin PBXFrameworksBuildPhase section */
		21BDE2F21CA1489E00CE9CFA /* Frameworks */ = {
			isa = PBXFrameworksBuildPhase;
			buildActionMask = 2147483647;
			files = (
			);
			runOnlyForDeploymentPostprocessing = 0;
		};
/* End PBXFrameworksBuildPhase section */

/* Begin PBXGroup section */
		21BDE2EC1CA1489E00CE9CFA = {
			isa = PBXGroup;
			children = (
				21BDE2F71CA1489E00CE9CFA /* 3DTouchDemo */,
				21BDE2F61CA1489E00CE9CFA /* Products */,
			);
			sourceTree = "<group>";
		};
		21BDE2F61CA1489E00CE9CFA /* Products */ = {
			isa = PBXGroup;
			children = (
				21BDE2F51CA1489E00CE9CFA /* 3DTouchDemo.app */,
			);
			name = Products;
			sourceTree = "<group>";
		};
		21BDE2F71CA1489E00CE9CFA /* 3DTouchDemo */ = {
			isa = PBXGroup;
			children = (
				21B9C5481CA24E5B008D8E38 /* a.jpg */,
				21BDE2FB1CA1489F00CE9CFA /* AppDelegate.h */,
				21BDE2FC1CA1489F00CE9CFA /* AppDelegate.m */,
				21BDE2FE1CA1489F00CE9CFA /* ViewController.h */,
				21BDE2FF1CA1489F00CE9CFA /* ViewController.m */,
				21F4E0421CA235AD00AF5D61 /* WebViewController.h */,
				21F4E0431CA235AD00AF5D61 /* WebViewController.m */,
				21F4E03C1CA22F7C00AF5D61 /* MyView.h */,
				21F4E03D1CA22F7C00AF5D61 /* MyView.m */,
				21BDE3011CA1489F00CE9CFA /* Main.storyboard */,
				21BDE3041CA1489F00CE9CFA /* Assets.xcassets */,
				21BDE3061CA1489F00CE9CFA /* LaunchScreen.storyboard */,
				21BDE3091CA1489F00CE9CFA /* Info.plist */,
				21BDE2F81CA1489E00CE9CFA /* Supporting Files */,
			);
			path = 3DTouchDemo;
			sourceTree = "<group>";
		};
		21BDE2F81CA1489E00CE9CFA /* Supporting Files */ = {
			isa = PBXGroup;
			children = (
				21BDE2F91CA1489E00CE9CFA /* main.m */,
			);
			name = "Supporting Files";
			sourceTree = "<group>";
		};
/* End PBXGroup section */

/* Begin PBXNativeTarget section */
		21BDE2F41CA1489E00CE9CFA /* 3DTouchDemo */ = {
			isa = PBXNativeTarget;
			buildConfigurationList = 21BDE30C1CA1489F00CE9CFA /* Build configuration list for PBXNativeTarget "3DTouchDemo" */;
			buildPhases = (
				21BDE2F11CA1489E00CE9CFA /* Sources */,
				21BDE2F21CA1489E00CE9CFA /* Frameworks */,
				21BDE2F31CA1489E00CE9CFA /* Resources */,
			);
			buildRules = (
			);
			dependencies = (
			);
			name = 3DTouchDemo;
			productName = 3DTouchDemo;
			productReference = 21BDE2F51CA1489E00CE9CFA /* 3DTouchDemo.app */;
			productType = "com.apple.product-type.application";
		};
/* End PBXNativeTarget section */

/* Begin PBXProject section */
		21BDE2ED1CA1489E00CE9CFA /* Project object */ = {
			isa = PBXProject;
			attributes = {
				LastUpgradeCheck = 0720;
				ORGANIZATIONNAME = zhoucan;
				TargetAttributes = {
					21BDE2F41CA1489E00CE9CFA = {
						CreatedOnToolsVersion = 7.2.1;
					};
				};
			};
			buildConfigurationList = 21BDE2F01CA1489E00CE9CFA /* Build configuration list for PBXProject "3DTouchDemo" */;
			compatibilityVersion = "Xcode 3.2";
			developmentRegion = English;
			hasScannedForEncodings = 0;
			knownRegions = (
				en,
				Base,
			);
			mainGroup = 21BDE2EC1CA1489E00CE9CFA;
			productRefGroup = 21BDE2F61CA1489E00CE9CFA /* Products */;
			projectDirPath = "";
			projectRoot = "";
			targets = (
				21BDE2F41CA1489E00CE9CFA /* 3DTouchDemo */,
			);
		};
/* End PBXProject section */

/* Begin PBXResourcesBuildPhase section */
		21BDE2F31CA1489E00CE9CFA /* Resources */ = {
			isa = PBXResourcesBuildPhase;
			buildActionMask = 2147483647;
			files = (
				21BDE3081CA1489F00CE9CFA /* LaunchScreen.storyboard in Resources */,
				21B9C5491CA24E5B008D8E38 /* a.jpg in Resources */,
				21BDE3051CA1489F00CE9CFA /* Assets.xcassets in Resources */,
				21BDE3031CA1489F00CE9CFA /* Main.storyboard in Resources */,
			);
			runOnlyForDeploymentPostprocessing = 0;
		};
/* End PBXResourcesBuildPhase section */

/* Begin PBXSourcesBuildPhase section */
		21BDE2F11CA1489E00CE9CFA /* Sources */ = {
			isa = PBXSourcesBuildPhase;
			buildActionMask = 2147483647;
			files = (
				21F4E03E1CA22F7C00AF5D61 /* MyView.m in Sources */,
				21F4E0441CA235AD00AF5D61 /* WebViewController.m in Sources */,
				21BDE3001CA1489F00CE9CFA /* ViewController.m in Sources */,
				21BDE2FD1CA1489F00CE9CFA /* AppDelegate.m in Sources */,
				21BDE2FA1CA1489E00CE9CFA /* main.m in Sources */,
			);
			runOnlyForDeploymentPostprocessing = 0;
		};
/* End PBXSourcesBuildPhase section */

/* Begin PBXVariantGroup section */
		21BDE3011CA1489F00CE9CFA /* Main.storyboard */ = {
			isa = PBXVariantGroup;
			children = (
				21BDE3021CA1489F00CE9CFA /* Base */,
			);
			name = Main.storyboard;
			sourceTree = "<group>";
		};
		21BDE3061CA1489F00CE9CFA /* LaunchScreen.storyboard */ = {
			isa = PBXVariantGroup;
			children = (
				21BDE3071CA1489F00CE9CFA /* Base */,
			);
			name = LaunchScreen.storyboard;
			sourceTree = "<group>";
		};
/* End PBXVariantGroup section */

/* Begin XCBuildConfiguration section */
		21BDE30A1CA1489F00CE9CFA /* Debug */ = {
			isa = XCBuildConfiguration;
			buildSettings = {
				ALWAYS_SEARCH_USER_PATHS = NO;
				CLANG_CXX_LANGUAGE_STANDARD = "gnu++0x";
				CLANG_CXX_LIBRARY = "libc++";
				CLANG_ENABLE_MODULES = YES;
				CLANG_ENABLE_OBJC_ARC = YES;
				CLANG_WARN_BOOL_CONVERSION = YES;
				CLANG_WARN_CONSTANT_CONVERSION = YES;
				CLANG_WARN_DIRECT_OBJC_ISA_USAGE = YES_ERROR;
				CLANG_WARN_EMPTY_BODY = YES;
				CLANG_WARN_ENUM_CONVERSION = YES;
				CLANG_WARN_INT_CONVERSION = YES;
				CLANG_WARN_OBJC_ROOT_CLASS = YES_ERROR;
				CLANG_WARN_UNREACHABLE_CODE = YES;
				CLANG_WARN__DUPLICATE_METHOD_MATCH = YES;
				"CODE_SIGN_IDENTITY[sdk=iphoneos*]" = "iPhone Developer";
				COPY_PHASE_STRIP = NO;
				DEBUG_INFORMATION_FORMAT = dwarf;
				ENABLE_STRICT_OBJC_MSGSEND = YES;
				ENABLE_TESTABILITY = YES;
				GCC_C_LANGUAGE_STANDARD = gnu99;
				GCC_DYNAMIC_NO_PIC = NO;
				GCC_NO_COMMON_BLOCKS = YES;
				GCC_OPTIMIZATION_LEVEL = 0;
				GCC_PREPROCESSOR_DEFINITIONS = (
					"DEBUG=1",
					"$(inherited)",
				);
				GCC_WARN_64_TO_32_BIT_CONVERSION = YES;
				GCC_WARN_ABOUT_RETURN_TYPE = YES_ERROR;
				GCC_WARN_UNDECLARED_SELECTOR = YES;
				GCC_WARN_UNINITIALIZED_AUTOS = YES_AGGRESSIVE;
				GCC_WARN_UNUSED_FUNCTION = YES;
				GCC_WARN_UNUSED_VARIABLE = YES;
				IPHONEOS_DEPLOYMENT_TARGET = 9.2;
				MTL_ENABLE_DEBUG_INFO = YES;
				ONLY_ACTIVE_ARCH = YES;
				SDKROOT = iphoneos;
				TARGETED_DEVICE_FAMILY = "1,2";
			};
			name = Debug;
		};
		21BDE30B1CA1489F00CE9CFA /* Release */ = {
			isa = XCBuildConfiguration;
			buildSettings = {
				ALWAYS_SEARCH_USER_PATHS = NO;
				CLANG_CXX_LANGUAGE_STANDARD = "gnu++0x";
				CLANG_CXX_LIBRARY = "libc++";
				CLANG_ENABLE_MODULES = YES;
				CLANG_ENABLE_OBJC_ARC = YES;
				CLANG_WARN_BOOL_CONVERSION = YES;
				CLANG_WARN_CONSTANT_CONVERSION = YES;
				CLANG_WARN_DIRECT_OBJC_ISA_USAGE = YES_ERROR;
				CLANG_WARN_EMPTY_BODY = YES;
				CLANG_WARN_ENUM_CONVERSION = YES;
				CLANG_WARN_INT_CONVERSION = YES;
				CLANG_WARN_OBJC_ROOT_CLASS = YES_ERROR;
				CLANG_WARN_UNREACHABLE_CODE = YES;
				CLANG_WARN__DUPLICATE_METHOD_MATCH = YES;
				"CODE_SIGN_IDENTITY[sdk=iphoneos*]" = "iPhone Developer";
				COPY_PHASE_STRIP = NO;
				DEBUG_INFORMATION_FORMAT = "dwarf-with-dsym";
				ENABLE_NS_ASSERTIONS = NO;
				ENABLE_STRICT_OBJC_MSGSEND = YES;
				GCC_C_LANGUAGE_STANDARD = gnu99;
				GCC_NO_COMMON_BLOCKS = YES;
				GCC_WARN_64_TO_32_BIT_CONVERSION = YES;
				GCC_WARN_ABOUT_RETURN_TYPE = YES_ERROR;
				GCC_WARN_UNDECLARED_SELECTOR = YES;
				GCC_WARN_UNINITIALIZED_AUTOS = YES_AGGRESSIVE;
				GCC_WARN_UNUSED_FUNCTION = YES;
				GCC_WARN_UNUSED_VARIABLE = YES;
				IPHONEOS_DEPLOYMENT_TARGET = 9.2;
				MTL_ENABLE_DEBUG_INFO = NO;
				SDKROOT = iphoneos;
				TARGETED_DEVICE_FAMILY = "1,2";
				VALIDATE_PRODUCT = YES;
			};
			name = Release;
		};
		21BDE30D1CA1489F00CE9CFA /* Debug */ = {
			isa = XCBuildConfiguration;
			buildSettings = {
				ASSETCATALOG_COMPILER_APPICON_NAME = AppIcon;
				INFOPLIST_FILE = 3DTouchDemo/Info.plist;
				LD_RUNPATH_SEARCH_PATHS = "$(inherited) @executable_path/Frameworks";
				PRODUCT_BUNDLE_IDENTIFIER = cn.Szjuxi.www;
				PRODUCT_NAME = "$(TARGET_NAME)";
			};
			name = Debug;
		};
		21BDE30E1CA1489F00CE9CFA /* Release */ = {
			isa = XCBuildConfiguration;
			buildSettings = {
				ASSETCATALOG_COMPILER_APPICON_NAME = AppIcon;
				INFOPLIST_FILE = 3DTouchDemo/Info.plist;
				LD_RUNPATH_SEARCH_PATHS = "$(inherited) @executable_path/Frameworks";
				PRODUCT_BUNDLE_IDENTIFIER = cn.Szjuxi.www;
				PRODUCT_NAME = "$(TARGET_NAME)";
			};
			name = Release;
		};
/* End XCBuildConfiguration section */

/* Begin XCConfigurationList section */
		21BDE2F01CA1489E00CE9CFA /* Build configuration list for PBXProject "3DTouchDemo" */ = {
			isa = XCConfigurationList;
			buildConfigurations = (
				21BDE30A1CA1489F00CE9CFA /* Debug */,
				21BDE30B1CA1489F00CE9CFA /* Release */,
			);
			defaultConfigurationIsVisible = 0;
			defaultConfigurationName = Release;
		};
		21BDE30C1CA1489F00CE9CFA /* Build configuration list for PBXNativeTarget "3DTouchDemo" */ = {
			isa = XCConfigurationList;
			buildConfigurations = (
				21BDE30D1CA1489F00CE9CFA /* Debug */,
				21BDE30E1CA1489F00CE9CFA /* Release */,
			);
			defaultConfigurationIsVisible = 0;
			defaultConfigurationName = Release;
		};
/* End XCConfigurationList section */
	};
	rootObject = 21BDE2ED1CA1489E00CE9CFA /* Project object */;
}
